{
    "_meta": {
        "hash": {
            "sha256": "3cea127ef6c1475b44770a116e4842ffb9c276ba7a3443bb4c39958fefdf4c16"
        },
        "pipfile-spec": 6,
        "requires": {},
        "sources": [
            {
                "name": "pypi",
                "url": "https://pypi.org/simple",
                "verify_ssl": true
            }
        ]
    },
    "default": {
        "blinker": {
            "hashes": [
                "sha256:b4ce2265a7abece45e7cc896e98dbebe6cead56bcf805a3d23136d145f5445bf",
                "sha256:ba0efaa9080b619ff2f3459d1d500c57bddea4a6b424b60a91141db6fd2f08bc"
            ],
            "markers": "python_version >= '3.9'",
            "version": "==1.9.0"
        },
        "click": {
            "hashes": [
                "sha256:63c132bbbed01578a06712a2d1f497bb62d9c1c0d329b7903a866228027263b2",
                "sha256:ed53c9d8990d83c2a27deae68e4ee337473f6330c040a31d4225c9574d16096a"
            ],
            "markers": "python_version >= '3.7'",
            "version": "==8.1.8"
        },
        "flask": {
            "hashes": [
                "sha256:3232e0e9c850d781933cf0207523d1ece087eb8d87b23777ae38456e2fbe7c6e",
                "sha256:822c03f4b799204250a7ee84b1eddc40665395333973dfb9deebfe425fefcb7d"
            ],
            "index": "pypi",
            "markers": "python_version >= '3.8'",
            "version": "==3.0.2"
        },
        "iniconfig": {
            "hashes": [
                "sha256:2d91e135bf72d31a410b17c16da610a82cb55f6b0477d1a902134b24a455b8b3",
                "sha256:b6a85871a79d2e3b22d2d1b94ac2824226a63c6b741c88f7ae975f18b6778374"
            ],
            "markers": "python_version >= '3.7'",
            "version": "==2.0.0"
        },
        "itsdangerous": {
            "hashes": [
                "sha256:c6242fc49e35958c8b15141343aa660db5fc54d4f13a1db01a3f5891b98700ef",
                "sha256:e0050c0b7da1eea53ffaf149c0cfbb5c6e2e2b69c4bef22c81fa6eb73e5f6173"
            ],
            "markers": "python_version >= '3.8'",
            "version": "==2.2.0"
        },
        "jinja2": {
            "hashes": [
                "sha256:8fefff8dc3034e27bb80d67c671eb8a9bc424c0ef4c0826edbff304cceff43bb",
                "sha256:aba0f4dc9ed8013c424088f68a5c226f7d6097ed89b246d7749c2ec4175c6adb"
            ],
            "markers": "python_version >= '3.7'",
            "version": "==3.1.5"
        },
        "joblib": {
            "hashes": [
                "sha256:06d478d5674cbc267e7496a410ee875abd68e4340feff4490bcb7afb88060ae6",
                "sha256:2382c5816b2636fbd20a09e0f4e9dad4736765fdfb7dca582943b9c1366b3f0e"
            ],
            "markers": "python_version >= '3.8'",
            "version": "==1.4.2"
        },
        "markupsafe": {
            "hashes": [
                "sha256:0bff5e0ae4ef2e1ae4fdf2dfd5b76c75e5c2fa4132d05fc1b0dabcd20c7e28c4",
                "sha256:0f4ca02bea9a23221c0182836703cbf8930c5e9454bacce27e767509fa286a30",
                "sha256:1225beacc926f536dc82e45f8a4d68502949dc67eea90eab715dea3a21c1b5f0",
                "sha256:131a3c7689c85f5ad20f9f6fb1b866f402c445b220c19fe4308c0b147ccd2ad9",
                "sha256:15ab75ef81add55874e7ab7055e9c397312385bd9ced94920f2802310c930396",
                "sha256:1a9d3f5f0901fdec14d8d2f66ef7d035f2157240a433441719ac9a3fba440b13",
                "sha256:1c99d261bd2d5f6b59325c92c73df481e05e57f19837bdca8413b9eac4bd8028",
                "sha256:1e084f686b92e5b83186b07e8a17fc09e38fff551f3602b249881fec658d3eca",
                "sha256:2181e67807fc2fa785d0592dc2d6206c019b9502410671cc905d132a92866557",
                "sha256:2cb8438c3cbb25e220c2ab33bb226559e7afb3baec11c4f218ffa7308603c832",
                "sha256:3169b1eefae027567d1ce6ee7cae382c57fe26e82775f460f0b2778beaad66c0",
                "sha256:3809ede931876f5b2ec92eef964286840ed3540dadf803dd570c3b7e13141a3b",
                "sha256:38a9ef736c01fccdd6600705b09dc574584b89bea478200c5fbf112a6b0d5579",
                "sha256:3d79d162e7be8f996986c064d1c7c817f6df3a77fe3d6859f6f9e7be4b8c213a",
                "sha256:444dcda765c8a838eaae23112db52f1efaf750daddb2d9ca300bcae1039adc5c",
                "sha256:48032821bbdf20f5799ff537c7ac3d1fba0ba032cfc06194faffa8cda8b560ff",
                "sha256:4aa4e5faecf353ed117801a068ebab7b7e09ffb6e1d5e412dc852e0da018126c",
                "sha256:52305740fe773d09cffb16f8ed0427942901f00adedac82ec8b67752f58a1b22",
                "sha256:569511d3b58c8791ab4c2e1285575265991e6d8f8700c7be0e88f86cb0672094",
                "sha256:57cb5a3cf367aeb1d316576250f65edec5bb3be939e9247ae594b4bcbc317dfb",
                "sha256:5b02fb34468b6aaa40dfc198d813a641e3a63b98c2b05a16b9f80b7ec314185e",
                "sha256:6381026f158fdb7c72a168278597a5e3a5222e83ea18f543112b2662a9b699c5",
                "sha256:6af100e168aa82a50e186c82875a5893c5597a0c1ccdb0d8b40240b1f28b969a",
                "sha256:6c89876f41da747c8d3677a2b540fb32ef5715f97b66eeb0c6b66f5e3ef6f59d",
                "sha256:6e296a513ca3d94054c2c881cc913116e90fd030ad1c656b3869762b754f5f8a",
                "sha256:70a87b411535ccad5ef2f1df5136506a10775d267e197e4cf531ced10537bd6b",
                "sha256:7e94c425039cde14257288fd61dcfb01963e658efbc0ff54f5306b06054700f8",
                "sha256:846ade7b71e3536c4e56b386c2a47adf5741d2d8b94ec9dc3e92e5e1ee1e2225",
                "sha256:88416bd1e65dcea10bc7569faacb2c20ce071dd1f87539ca2ab364bf6231393c",
                "sha256:88b49a3b9ff31e19998750c38e030fc7bb937398b1f78cfa599aaef92d693144",
                "sha256:8c4e8c3ce11e1f92f6536ff07154f9d49677ebaaafc32db9db4620bc11ed480f",
                "sha256:8e06879fc22a25ca47312fbe7c8264eb0b662f6db27cb2d3bbbc74b1df4b9b87",
                "sha256:9025b4018f3a1314059769c7bf15441064b2207cb3f065e6ea1e7359cb46db9d",
                "sha256:93335ca3812df2f366e80509ae119189886b0f3c2b81325d39efdb84a1e2ae93",
                "sha256:9778bd8ab0a994ebf6f84c2b949e65736d5575320a17ae8984a77fab08db94cf",
                "sha256:9e2d922824181480953426608b81967de705c3cef4d1af983af849d7bd619158",
                "sha256:a123e330ef0853c6e822384873bef7507557d8e4a082961e1defa947aa59ba84",
                "sha256:a904af0a6162c73e3edcb969eeeb53a63ceeb5d8cf642fade7d39e7963a22ddb",
                "sha256:ad10d3ded218f1039f11a75f8091880239651b52e9bb592ca27de44eed242a48",
                "sha256:b424c77b206d63d500bcb69fa55ed8d0e6a3774056bdc4839fc9298a7edca171",
                "sha256:b5a6b3ada725cea8a5e634536b1b01c30bcdcd7f9c6fff4151548d5bf6b3a36c",
                "sha256:ba8062ed2cf21c07a9e295d5b8a2a5ce678b913b45fdf68c32d95d6c1291e0b6",
                "sha256:ba9527cdd4c926ed0760bc301f6728ef34d841f405abf9d4f959c478421e4efd",
                "sha256:bbcb445fa71794da8f178f0f6d66789a28d7319071af7a496d4d507ed566270d",
                "sha256:bcf3e58998965654fdaff38e58584d8937aa3096ab5354d493c77d1fdd66d7a1",
                "sha256:c0ef13eaeee5b615fb07c9a7dadb38eac06a0608b41570d8ade51c56539e509d",
                "sha256:cabc348d87e913db6ab4aa100f01b08f481097838bdddf7c7a84b7575b7309ca",
                "sha256:cdb82a876c47801bb54a690c5ae105a46b392ac6099881cdfb9f6e95e4014c6a",
                "sha256:cfad01eed2c2e0c01fd0ecd2ef42c492f7f93902e39a42fc9ee1692961443a29",
                "sha256:d16a81a06776313e817c951135cf7340a3e91e8c1ff2fac444cfd75fffa04afe",
                "sha256:d8213e09c917a951de9d09ecee036d5c7d36cb6cb7dbaece4c71a60d79fb9798",
                "sha256:e07c3764494e3776c602c1e78e298937c3315ccc9043ead7e685b7f2b8d47b3c",
                "sha256:e17c96c14e19278594aa4841ec148115f9c7615a47382ecb6b82bd8fea3ab0c8",
                "sha256:e444a31f8db13eb18ada366ab3cf45fd4b31e4db1236a4448f68778c1d1a5a2f",
                "sha256:e6a2a455bd412959b57a172ce6328d2dd1f01cb2135efda2e4576e8a23fa3b0f",
                "sha256:eaa0a10b7f72326f1372a713e73c3f739b524b3af41feb43e4921cb529f5929a",
                "sha256:eb7972a85c54febfb25b5c4b4f3af4dcc731994c7da0d8a0b4a6eb0640e1d178",
                "sha256:ee55d3edf80167e48ea11a923c7386f4669df67d7994554387f84e7d8b0a2bf0",
                "sha256:f3818cb119498c0678015754eba762e0d61e5b52d34c8b13d770f0719f7b1d79",
                "sha256:f8b3d067f2e40fe93e1ccdd6b2e1d16c43140e76f02fb1319a05cf2b79d99430",
                "sha256:fcabf5ff6eea076f859677f5f0b6b5c1a51e70a376b0579e0eadef8db48c6b50"
            ],
            "markers": "python_version >= '3.9'",
            "version": "==3.0.2"
        },
        "numpy": {
            "hashes": [
                "sha256:059e6a747ae84fce488c3ee397cee7e5f905fd1bda5fb18c66bc41807ff119b2",
                "sha256:08ef779aed40dbc52729d6ffe7dd51df85796a702afbf68a4f4e41fafdc8bda5",
                "sha256:164a829b6aacf79ca47ba4814b130c4020b202522a93d7bff2202bfb33b61c60",
                "sha256:26c9c4382b19fcfbbed3238a14abf7ff223890ea1936b8890f058e7ba35e8d71",
                "sha256:27f5cdf9f493b35f7e41e8368e7d7b4bbafaf9660cba53fb21d2cd174ec09631",
                "sha256:31b89fa67a8042e96715c68e071a1200c4e172f93b0fbe01a14c0ff3ff820fc8",
                "sha256:32cb94448be47c500d2c7a95f93e2f21a01f1fd05dd2beea1ccd049bb6001cd2",
                "sha256:360137f8fb1b753c5cde3ac388597ad680eccbbbb3865ab65efea062c4a1fd16",
                "sha256:3683a8d166f2692664262fd4900f207791d005fb088d7fdb973cc8d663626faa",
                "sha256:38efc1e56b73cc9b182fe55e56e63b044dd26a72128fd2fbd502f75555d92591",
                "sha256:3d03883435a19794e41f147612a77a8f56d4e52822337844fff3d4040a142964",
                "sha256:3ecc47cd7f6ea0336042be87d9e7da378e5c7e9b3c8ad0f7c966f714fc10d821",
                "sha256:40f9e544c1c56ba8f1cf7686a8c9b5bb249e665d40d626a23899ba6d5d9e1484",
                "sha256:4250888bcb96617e00bfa28ac24850a83c9f3a16db471eca2ee1f1714df0f957",
                "sha256:4511d9e6071452b944207c8ce46ad2f897307910b402ea5fa975da32e0102800",
                "sha256:45681fd7128c8ad1c379f0ca0776a8b0c6583d2f69889ddac01559dfe4390918",
                "sha256:48fd472630715e1c1c89bf1feab55c29098cb403cc184b4859f9c86d4fcb6a95",
                "sha256:4c86e2a209199ead7ee0af65e1d9992d1dce7e1f63c4b9a616500f93820658d0",
                "sha256:4dfda918a13cc4f81e9118dea249e192ab167a0bb1966272d5503e39234d694e",
                "sha256:5062dc1a4e32a10dc2b8b13cedd58988261416e811c1dc4dbdea4f57eea61b0d",
                "sha256:51faf345324db860b515d3f364eaa93d0e0551a88d6218a7d61286554d190d73",
                "sha256:526fc406ab991a340744aad7e25251dd47a6720a685fa3331e5c59fef5282a59",
                "sha256:53c09385ff0b72ba79d8715683c1168c12e0b6e84fb0372e97553d1ea91efe51",
                "sha256:55ba24ebe208344aa7a00e4482f65742969a039c2acfcb910bc6fcd776eb4355",
                "sha256:5b6c390bfaef8c45a260554888966618328d30e72173697e5cabe6b285fb2348",
                "sha256:5c5cc0cbabe9452038ed984d05ac87910f89370b9242371bd9079cb4af61811e",
                "sha256:5edb4e4caf751c1518e6a26a83501fda79bff41cc59dac48d70e6d65d4ec4440",
                "sha256:61048b4a49b1c93fe13426e04e04fdf5a03f456616f6e98c7576144677598675",
                "sha256:676f4eebf6b2d430300f1f4f4c2461685f8269f94c89698d832cdf9277f30b84",
                "sha256:67d4cda6fa6ffa073b08c8372aa5fa767ceb10c9a0587c707505a6d426f4e046",
                "sha256:694f9e921a0c8f252980e85bce61ebbd07ed2b7d4fa72d0e4246f2f8aa6642ab",
                "sha256:733585f9f4b62e9b3528dd1070ec4f52b8acf64215b60a845fa13ebd73cd0712",
                "sha256:7671dc19c7019103ca44e8d94917eba8534c76133523ca8406822efdd19c9308",
                "sha256:780077d95eafc2ccc3ced969db22377b3864e5b9a0ea5eb347cc93b3ea900315",
                "sha256:7ba9cc93a91d86365a5d270dee221fdc04fb68d7478e6bf6af650de78a8339e3",
                "sha256:89b16a18e7bba224ce5114db863e7029803c179979e1af6ad6a6b11f70545008",
                "sha256:9036d6365d13b6cbe8f27a0eaf73ddcc070cae584e5ff94bb45e3e9d729feab5",
                "sha256:93cf4e045bae74c90ca833cba583c14b62cb4ba2cba0abd2b141ab52548247e2",
                "sha256:9ad014faa93dbb52c80d8f4d3dcf855865c876c9660cb9bd7553843dd03a4b1e",
                "sha256:9b1d07b53b78bf84a96898c1bc139ad7f10fda7423f5fd158fd0f47ec5e01ac7",
                "sha256:a7746f235c47abc72b102d3bce9977714c2444bdfaea7888d241b4c4bb6a78bf",
                "sha256:aa3017c40d513ccac9621a2364f939d39e550c542eb2a894b4c8da92b38896ab",
                "sha256:b34d87e8a3090ea626003f87f9392b3929a7bbf4104a05b6667348b6bd4bf1cd",
                "sha256:b541032178a718c165a49638d28272b771053f628382d5e9d1c93df23ff58dbf",
                "sha256:ba5511d8f31c033a5fcbda22dd5c813630af98c70b2661f2d2c654ae3cdfcfc8",
                "sha256:bc8a37ad5b22c08e2dbd27df2b3ef7e5c0864235805b1e718a235bcb200cf1cb",
                "sha256:bff7d8ec20f5f42607599f9994770fa65d76edca264a87b5e4ea5629bce12268",
                "sha256:c1ad395cf254c4fbb5b2132fee391f361a6e8c1adbd28f2cd8e79308a615fe9d",
                "sha256:f1d09e520217618e76396377c81fba6f290d5f926f50c35f3a5f72b01a0da780",
                "sha256:f3eac17d9ec51be534685ba877b6ab5edc3ab7ec95c8f163e5d7b39859524716",
                "sha256:f419290bc8968a46c4933158c91a0012b7a99bb2e465d5ef5293879742f8797e",
                "sha256:f62aa6ee4eb43b024b0e5a01cf65a0bb078ef8c395e8713c6e8a12a697144528",
                "sha256:f74e6fdeb9a265624ec3a3918430205dff1df7e95a230779746a6af78bc615af",
                "sha256:f9b57eaa3b0cd8db52049ed0330747b0364e899e8a606a624813452b8203d5f7",
                "sha256:fce4f615f8ca31b2e61aa0eb5865a21e14f5629515c9151850aa936c02a1ee51"
            ],
            "index": "pypi",
            "markers": "python_version >= '3.10'",
            "version": "==2.2.1"
        },
        "packaging": {
            "hashes": [
                "sha256:09abb1bccd265c01f4a3aa3f7a7db064b36514d2cba19a2f694fe6150451a759",
                "sha256:c228a6dc5e932d346bc5739379109d49e8853dd8223571c7c5b55260edc0b97f"
            ],
            "markers": "python_version >= '3.8'",
            "version": "==24.2"
        },
        "pluggy": {
            "hashes": [
                "sha256:2cffa88e94fdc978c4c574f15f9e59b7f4201d439195c3715ca9e2486f1d0cf1",
                "sha256:44e1ad92c8ca002de6377e165f3e0f1be63266ab4d554740532335b9d75ea669"
            ],
            "markers": "python_version >= '3.8'",
            "version": "==1.5.0"
        },
        "pytest": {
            "hashes": [
                "sha256:50e16d954148559c9a74109af1eaf0c945ba2d8f30f0a3d3335edde19788b6f6",
                "sha256:965370d062bce11e73868e0335abac31b4d3de0e82f4007408d242b4f8610761"
            ],
            "index": "pypi",
            "markers": "python_version >= '3.8'",
            "version": "==8.3.4"
        },
        "pyyaml": {
            "hashes": [
                "sha256:01179a4a8559ab5de078078f37e5c1a30d76bb88519906844fd7bdea1b7729ff",
                "sha256:0833f8694549e586547b576dcfaba4a6b55b9e96098b36cdc7ebefe667dfed48",
                "sha256:0a9a2848a5b7feac301353437eb7d5957887edbf81d56e903999a75a3d743086",
                "sha256:0b69e4ce7a131fe56b7e4d770c67429700908fc0752af059838b1cfb41960e4e",
                "sha256:0ffe8360bab4910ef1b9e87fb812d8bc0a308b0d0eef8c8f44e0254ab3b07133",
                "sha256:11d8f3dd2b9c1207dcaf2ee0bbbfd5991f571186ec9cc78427ba5bd32afae4b5",
                "sha256:17e311b6c678207928d649faa7cb0d7b4c26a0ba73d41e99c4fff6b6c3276484",
                "sha256:1e2120ef853f59c7419231f3bf4e7021f1b936f6ebd222406c3b60212205d2ee",
                "sha256:1f71ea527786de97d1a0cc0eacd1defc0985dcf6b3f17bb77dcfc8c34bec4dc5",
                "sha256:23502f431948090f597378482b4812b0caae32c22213aecf3b55325e049a6c68",
                "sha256:24471b829b3bf607e04e88d79542a9d48bb037c2267d7927a874e6c205ca7e9a",
                "sha256:29717114e51c84ddfba879543fb232a6ed60086602313ca38cce623c1d62cfbf",
                "sha256:2e99c6826ffa974fe6e27cdb5ed0021786b03fc98e5ee3c5bfe1fd5015f42b99",
                "sha256:39693e1f8320ae4f43943590b49779ffb98acb81f788220ea932a6b6c51004d8",
                "sha256:3ad2a3decf9aaba3d29c8f537ac4b243e36bef957511b4766cb0057d32b0be85",
                "sha256:3b1fdb9dc17f5a7677423d508ab4f243a726dea51fa5e70992e59a7411c89d19",
                "sha256:41e4e3953a79407c794916fa277a82531dd93aad34e29c2a514c2c0c5fe971cc",
                "sha256:43fa96a3ca0d6b1812e01ced1044a003533c47f6ee8aca31724f78e93ccc089a",
                "sha256:50187695423ffe49e2deacb8cd10510bc361faac997de9efef88badc3bb9e2d1",
                "sha256:5ac9328ec4831237bec75defaf839f7d4564be1e6b25ac710bd1a96321cc8317",
                "sha256:5d225db5a45f21e78dd9358e58a98702a0302f2659a3c6cd320564b75b86f47c",
                "sha256:6395c297d42274772abc367baaa79683958044e5d3835486c16da75d2a694631",
                "sha256:688ba32a1cffef67fd2e9398a2efebaea461578b0923624778664cc1c914db5d",
                "sha256:68ccc6023a3400877818152ad9a1033e3db8625d899c72eacb5a668902e4d652",
                "sha256:70b189594dbe54f75ab3a1acec5f1e3faa7e8cf2f1e08d9b561cb41b845f69d5",
                "sha256:797b4f722ffa07cc8d62053e4cff1486fa6dc094105d13fea7b1de7d8bf71c9e",
                "sha256:7c36280e6fb8385e520936c3cb3b8042851904eba0e58d277dca80a5cfed590b",
                "sha256:7e7401d0de89a9a855c839bc697c079a4af81cf878373abd7dc625847d25cbd8",
                "sha256:80bab7bfc629882493af4aa31a4cfa43a4c57c83813253626916b8c7ada83476",
                "sha256:82d09873e40955485746739bcb8b4586983670466c23382c19cffecbf1fd8706",
                "sha256:8388ee1976c416731879ac16da0aff3f63b286ffdd57cdeb95f3f2e085687563",
                "sha256:8824b5a04a04a047e72eea5cec3bc266db09e35de6bdfe34c9436ac5ee27d237",
                "sha256:8b9c7197f7cb2738065c481a0461e50ad02f18c78cd75775628afb4d7137fb3b",
                "sha256:9056c1ecd25795207ad294bcf39f2db3d845767be0ea6e6a34d856f006006083",
                "sha256:936d68689298c36b53b29f23c6dbb74de12b4ac12ca6cfe0e047bedceea56180",
                "sha256:9b22676e8097e9e22e36d6b7bda33190d0d400f345f23d4065d48f4ca7ae0425",
                "sha256:a4d3091415f010369ae4ed1fc6b79def9416358877534caf6a0fdd2146c87a3e",
                "sha256:a8786accb172bd8afb8be14490a16625cbc387036876ab6ba70912730faf8e1f",
                "sha256:a9f8c2e67970f13b16084e04f134610fd1d374bf477b17ec1599185cf611d725",
                "sha256:bc2fa7c6b47d6bc618dd7fb02ef6fdedb1090ec036abab80d4681424b84c1183",
                "sha256:c70c95198c015b85feafc136515252a261a84561b7b1d51e3384e0655ddf25ab",
                "sha256:cc1c1159b3d456576af7a3e4d1ba7e6924cb39de8f67111c735f6fc832082774",
                "sha256:ce826d6ef20b1bc864f0a68340c8b3287705cae2f8b4b1d932177dcc76721725",
                "sha256:d584d9ec91ad65861cc08d42e834324ef890a082e591037abe114850ff7bbc3e",
                "sha256:d7fded462629cfa4b685c5416b949ebad6cec74af5e2d42905d41e257e0869f5",
                "sha256:d84a1718ee396f54f3a086ea0a66d8e552b2ab2017ef8b420e92edbc841c352d",
                "sha256:d8e03406cac8513435335dbab54c0d385e4a49e4945d2909a581c83647ca0290",
                "sha256:e10ce637b18caea04431ce14fabcf5c64a1c61ec9c56b071a4b7ca131ca52d44",
                "sha256:ec031d5d2feb36d1d1a24380e4db6d43695f3748343d99434e6f5f9156aaa2ed",
                "sha256:ef6107725bd54b262d6dedcc2af448a266975032bc85ef0172c5f059da6325b4",
                "sha256:efdca5630322a10774e8e98e1af481aad470dd62c3170801852d752aa7a783ba",
                "sha256:f753120cb8181e736c57ef7636e83f31b9c0d1722c516f7e86cf15b7aa57ff12",
                "sha256:ff3824dc5261f50c9b0dfb3be22b4567a6f938ccce4587b38952d85fd9e9afe4"
            ],
            "index": "pypi",
            "markers": "python_version >= '3.8'",
            "version": "==6.0.2"
        },
        "redis": {
            "hashes": [
                "sha256:16f2e22dff21d5125e8481515e386711a34cbec50f0e44413dd7d9c060a54e0f",
                "sha256:ee7e1056b9aea0f04c6c2ed59452947f34c4940ee025f5dd83e6a6418b6989e4"
            ],
            "index": "pypi",
            "markers": "python_version >= '3.8'",
            "version": "==5.2.1"
        },
        "scikit-learn": {
            "hashes": [
                "sha256:04a5ba45c12a5ff81518aa4f1604e826a45d20e53da47b15871526cda4ff5174",
                "sha256:0baa91eeb8c32632628874a5c91885eaedd23b71504d24227925080da075837a",
                "sha256:1dad624cffe3062276a0881d4e441bc9e3b19d02d17757cd6ae79a9d192a0027",
                "sha256:1f50b4f24cf12a81c3c09958ae3b864d7534934ca66ded3822de4996d25d7285",
                "sha256:21fadfc2ad7a1ce8bd1d90f23d17875b84ec765eecbbfc924ff11fb73db582ce",
                "sha256:2fce7950a3fad85e0a61dc403df0f9345b53432ac0e47c50da210d22c60b6d85",
                "sha256:30f34bb5fde90e020653bb84dcb38b6c83f90c70680dbd8c38bd9becbad7a127",
                "sha256:34e20bfac8ff0ebe0ff20fb16a4d6df5dc4cc9ce383e00c2ab67a526a3c67b18",
                "sha256:366fb3fa47dce90afed3d6106183f4978d6f24cfd595c2373424171b915ee718",
                "sha256:3c716d13ba0a2f8762d96ff78d3e0cde90bc9c9b5c13d6ab6bb9b2d6ca6705fd",
                "sha256:59cd96a8d9f8dfd546f5d6e9787e1b989e981388d7803abbc9efdcde61e47460",
                "sha256:5be4577769c5dde6e1b53de8e6520f9b664ab5861dd57acee47ad119fd7405d6",
                "sha256:5c3fa7d3dd5a0ec2d0baba0d644916fa2ab180ee37850c5d536245df916946bd",
                "sha256:5fe11794236fb83bead2af26a87ced5d26e3370b8487430818b915dafab1724e",
                "sha256:61fe3dcec0d82ae280877a818ab652f4988371e32dd5451e75251bece79668b1",
                "sha256:66b1cf721a9f07f518eb545098226796c399c64abdcbf91c2b95d625068363da",
                "sha256:7b35b60cf4cd6564b636e4a40516b3c61a4fa7a8b1f7a3ce80c38ebe04750bc3",
                "sha256:98717d3c152f6842d36a70f21e1468fb2f1a2f8f2624d9a3f382211798516426",
                "sha256:9aafd94bafc841b626681e626be27bf1233d5a0f20f0a6fdb4bee1a1963c6643",
                "sha256:9d58481f9f7499dff4196927aedd4285a0baec8caa3790efbe205f13de37dd6e",
                "sha256:a17860a562bac54384454d40b3f6155200c1c737c9399e6a97962c63fce503ac",
                "sha256:a46d3ca0f11a540b8eaddaf5e38172d8cd65a86cb3e3632161ec96c0cffb774c",
                "sha256:a73b1c2038c93bc7f4bf21f6c9828d5116c5d2268f7a20cfbbd41d3074d52083",
                "sha256:b44e3a51e181933bdf9a4953cc69c6025b40d2b49e238233f149b98849beb4bf",
                "sha256:b6916d1cec1ff163c7d281e699d7a6a709da2f2c5ec7b10547e08cc788ddd3ae",
                "sha256:df778486a32518cda33818b7e3ce48c78cef1d5f640a6bc9d97c6d2e71449a51",
                "sha256:e5453b2e87ef8accedc5a8a4e6709f887ca01896cd7cc8a174fe39bd4bb00aef",
                "sha256:eb9ae21f387826da14b0b9cb1034f5048ddb9182da429c689f5f4a87dc96930b",
                "sha256:eba06d75815406091419e06dd650b91ebd1c5f836392a0d833ff36447c2b1bfa",
                "sha256:efa7a579606c73a0b3d210e33ea410ea9e1af7933fe324cb7e6fbafae4ea5948"
            ],
            "index": "pypi",
            "markers": "python_version >= '3.9'",
            "version": "==1.6.0"
        },
        "scipy": {
            "hashes": [
                "sha256:0e5b34f8894f9904cc578008d1a9467829c1817e9f9cb45e6d6eeb61d2ab7731",
                "sha256:0fcb16eb04d84670722ce8d93b05257df471704c913cb0ff9dc5a1c31d1e9422",
                "sha256:129f899ed275c0515d553b8d31696924e2ca87d1972421e46c376b9eb87de3d2",
                "sha256:161f80a98047c219c257bf5ce1777c574bde36b9d962a46b20d0d7e531f86863",
                "sha256:1b29e4fc02e155a5fd1165f1e6a73edfdd110470736b0f48bcbe48083f0eee37",
                "sha256:1e2448acd79c6374583581a1ded32ac71a00c2b9c62dfa87a40e1dd2520be111",
                "sha256:2240e1fd0782e62e1aacdc7234212ee271d810f67e9cd3b8d521003a82603ef8",
                "sha256:300742e2cc94e36a2880ebe464a1c8b4352a7b0f3e36ec3d2ac006cdbe0219ac",
                "sha256:327163ad73e54541a675240708244644294cb0a65cca420c9c79baeb9648e479",
                "sha256:351899dd2a801edd3691622172bc8ea01064b1cada794f8641b89a7dc5418db6",
                "sha256:35c68f7044b4e7ad73a3e68e513dda946989e523df9b062bd3cf401a1a882192",
                "sha256:36be480e512d38db67f377add5b759fb117edd987f4791cdf58e59b26962bee4",
                "sha256:37ce9394cdcd7c5f437583fc6ef91bd290014993900643fdfc7af9b052d1613b",
                "sha256:46e91b5b16909ff79224b56e19cbad65ca500b3afda69225820aa3afbf9ec020",
                "sha256:4e08c6a36f46abaedf765dd2dfcd3698fa4bd7e311a9abb2d80e33d9b2d72c34",
                "sha256:52475011be29dfcbecc3dfe3060e471ac5155d72e9233e8d5616b84e2b542054",
                "sha256:5972e3f96f7dda4fd3bb85906a17338e65eaddfe47f750e240f22b331c08858e",
                "sha256:5abbdc6ede5c5fed7910cf406a948e2c0869231c0db091593a6b2fa78be77e5d",
                "sha256:5beb0a2200372b7416ec73fdae94fe81a6e85e44eb49c35a11ac356d2b8eccc6",
                "sha256:61513b989ee8d5218fbeb178b2d51534ecaddba050db949ae99eeb3d12f6825d",
                "sha256:6d26f17c64abd6c6c2dfb39920f61518cc9e213d034b45b2380e32ba78fde4c0",
                "sha256:6f376d7c767731477bac25a85d0118efdc94a572c6b60decb1ee48bf2391a73b",
                "sha256:767e8cf6562931f8312f4faa7ddea412cb783d8df49e62c44d00d89f41f9bbe8",
                "sha256:82bff2eb01ccf7cea8b6ee5274c2dbeadfdac97919da308ee6d8e5bcbe846443",
                "sha256:952d2e9eaa787f0a9e95b6e85da3654791b57a156c3e6609e65cc5176ccfe6f2",
                "sha256:9c8254fe21dd2c6c8f7757035ec0c31daecf3bb3cffd93bc1ca661b731d28136",
                "sha256:aeac60d3562a7bf2f35549bdfdb6b1751c50590f55ce7322b4b2fc821dc27fca",
                "sha256:b1432102254b6dc7766d081fa92df87832ac25ff0b3d3a940f37276e63eb74ff",
                "sha256:bdca4c7bb8dc41307e5f39e9e5d19c707d8e20a29845e7533b3bb20a9d4ccba0",
                "sha256:c9624eeae79b18cab1a31944b5ef87aa14b125d6ab69b71db22f0dbd962caf1e",
                "sha256:ccb6248a9987193fe74363a2d73b93bc2c546e0728bd786050b7aef6e17db03c",
                "sha256:cd9d9198a7fd9a77f0eb5105ea9734df26f41faeb2a88a0e62e5245506f7b6df",
                "sha256:d13bbc0658c11f3d19df4138336e4bce2c4fbd78c2755be4bf7b8e235481557f",
                "sha256:d35aef233b098e4de88b1eac29f0df378278e7e250a915766786b773309137c4",
                "sha256:de112c2dae53107cfeaf65101419662ac0a54e9a088c17958b51c95dac5de56d",
                "sha256:e9baff912ea4f78a543d183ed6f5b3bea9784509b948227daaf6f10727a0e2e5",
                "sha256:eb1533c59f0ec6c55871206f15a5c72d1fae7ad3c0a8ca33ca88f7c309bbbf8c",
                "sha256:ec915cd26d76f6fc7ae8522f74f5b2accf39546f341c771bb2297f3871934a52",
                "sha256:fde0f3104dfa1dfbc1f230f65506532d0558d43188789eaf68f97e106249a913",
                "sha256:fe00169cf875bed0b3c40e4da45b57037dc21d7c7bf0c85ed75f210c281488f1"
            ],
            "markers": "python_version >= '3.10'",
            "version": "==1.15.0"
        },
        "threadpoolctl": {
            "hashes": [
                "sha256:082433502dd922bf738de0d8bcc4fdcbf0979ff44c42bd40f5af8a282f6fa107",
                "sha256:56c1e26c150397e58c4926da8eeee87533b1e32bef131bd4bf6a2f45f3185467"
            ],
            "markers": "python_version >= '3.8'",
            "version": "==3.5.0"
        },
        "werkzeug": {
            "hashes": [
                "sha256:54b78bf3716d19a65be4fceccc0d1d7b89e608834989dfae50ea87564639213e",
                "sha256:60723ce945c19328679790e3282cc758aa4a6040e4bb330f53d30fa546d44746"
            ],
            "markers": "python_version >= '3.9'",
            "version": "==3.1.3"
        }
    },
    "develop": {}
}
